// !$*UTF8*$!
{
	archiveVersion = 1;
	classes = {
	};
	objectVersion = 50;
	objects = {

/* Begin PBXBuildFile section */
		3AB9F9E523885B0900D7F3CF /* AppDelegate.swift in Sources */ = {isa = PBXBuildFile; fileRef = 3AB9F9E423885B0900D7F3CF /* AppDelegate.swift */; };
		3AB9F9E723885B0900D7F3CF /* SceneDelegate.swift in Sources */ = {isa = PBXBuildFile; fileRef = 3AB9F9E623885B0900D7F3CF /* SceneDelegate.swift */; };
		3AB9F9E923885B0900D7F3CF /* FormViewController.swift in Sources */ = {isa = PBXBuildFile; fileRef = 3AB9F9E823885B0900D7F3CF /* FormViewController.swift */; };
		3AB9F9EC23885B0900D7F3CF /* Main.storyboard in Resources */ = {isa = PBXBuildFile; fileRef = 3AB9F9EA23885B0900D7F3CF /* Main.storyboard */; };
		3AB9F9EE23885B0900D7F3CF /* Assets.xcassets in Resources */ = {isa = PBXBuildFile; fileRef = 3AB9F9ED23885B0900D7F3CF /* Assets.xcassets */; };
		3AB9F9F123885B0900D7F3CF /* LaunchScreen.storyboard in Resources */ = {isa = PBXBuildFile; fileRef = 3AB9F9EF23885B0900D7F3CF /* LaunchScreen.storyboard */; };
		3AB9F9FC23885C4A00D7F3CF /* Presente.swift in Sources */ = {isa = PBXBuildFile; fileRef = 3AB9F9FB23885C4A00D7F3CF /* Presente.swift */; };
		3AB9F9FE23885D6D00D7F3CF /* Cadastro.swift in Sources */ = {isa = PBXBuildFile; fileRef = 3AB9F9FD23885D6D00D7F3CF /* Cadastro.swift */; };
		3AB9FA00238865C500D7F3CF /* PresenteTableViewController.swift in Sources */ = {isa = PBXBuildFile; fileRef = 3AB9F9FF238865C500D7F3CF /* PresenteTableViewController.swift */; };
/* End PBXBuildFile section */

/* Begin PBXFileReference section */
		3AB9F9E123885B0900D7F3CF /* Papai Noel.app */ = {isa = PBXFileReference; explicitFileType = wrapper.application; includeInIndex = 0; path = "Papai Noel.app"; sourceTree = BUILT_PRODUCTS_DIR; };
		3AB9F9E423885B0900D7F3CF /* AppDelegate.swift */ = {isa = PBXFileReference; lastKnownFileType = sourcecode.swift; path = AppDelegate.swift; sourceTree = "<group>"; };
		3AB9F9E623885B0900D7F3CF /* SceneDelegate.swift */ = {isa = PBXFileReference; lastKnownFileType = sourcecode.swift; path = SceneDelegate.swift; sourceTree = "<group>"; };
		3AB9F9E823885B0900D7F3CF /* FormViewController.swift */ = {isa = PBXFileReference; lastKnownFileType = sourcecode.swift; path = FormViewController.swift; sourceTree = "<group>"; };
		3AB9F9EB23885B0900D7F3CF /* Base */ = {isa = PBXFileReference; lastKnownFileType = file.storyboard; name = Base; path = Base.lproj/Main.storyboard; sourceTree = "<group>"; };
		3AB9F9ED23885B0900D7F3CF /* Assets.xcassets */ = {isa = PBXFileReference; lastKnownFileType = folder.assetcatalog; path = Assets.xcassets; sourceTree = "<group>"; };
		3AB9F9F023885B0900D7F3CF /* Base */ = {isa = PBXFileReference; lastKnownFileType = file.storyboard; name = Base; path = Base.lproj/LaunchScreen.storyboard; sourceTree = "<group>"; };
		3AB9F9F223885B0900D7F3CF /* Info.plist */ = {isa = PBXFileReference; lastKnownFileType = text.plist.xml; path = Info.plist; sourceTree = "<group>"; };
		3AB9F9FB23885C4A00D7F3CF /* Presente.swift */ = {isa = PBXFileReference; lastKnownFileType = sourcecode.swift; path = Presente.swift; sourceTree = "<group>"; };
		3AB9F9FD23885D6D00D7F3CF /* Cadastro.swift */ = {isa = PBXFileReference; lastKnownFileType = sourcecode.swift; path = Cadastro.swift; sourceTree = "<group>"; };
		3AB9F9FF238865C500D7F3CF /* PresenteTableViewController.swift */ = {isa = PBXFileReference; lastKnownFileType = sourcecode.swift; path = PresenteTableViewController.swift; sourceTree = "<group>"; };
/* End PBXFileReference section */

/* Begin PBXFrameworksBuildPhase section */
		3AB9F9DE23885B0900D7F3CF /* Frameworks */ = {
			isa = PBXFrameworksBuildPhase;
			buildActionMask = 2147483647;
			files = (
			);
			runOnlyForDeploymentPostprocessing = 0;
		};
/* End PBXFrameworksBuildPhase section */

/* Begin PBXGroup section */
		3AB9F9D823885B0900D7F3CF = {
			isa = PBXGroup;
			children = (
				3AB9F9E323885B0900D7F3CF /* Papai Noel */,
				3AB9F9E223885B0900D7F3CF /* Products */,
			);
			sourceTree = "<group>";
		};
		3AB9F9E223885B0900D7F3CF /* Products */ = {
			isa = PBXGroup;
			children = (
				3AB9F9E123885B0900D7F3CF /* Papai Noel.app */,
			);
			name = Products;
			sourceTree = "<group>";
		};
		3AB9F9E323885B0900D7F3CF /* Papai Noel */ = {
			isa = PBXGroup;
			children = (
				3AB9F9FA23885B2400D7F3CF /* controller */,
				3AB9F9F923885B1F00D7F3CF /* view */,
				3AB9F9F823885B1A00D7F3CF /* model */,
				3AB9F9E423885B0900D7F3CF /* AppDelegate.swift */,
				3AB9F9E623885B0900D7F3CF /* SceneDelegate.swift */,
				3AB9F9ED23885B0900D7F3CF /* Assets.xcassets */,
				3AB9F9EF23885B0900D7F3CF /* LaunchScreen.storyboard */,
				3AB9F9F223885B0900D7F3CF /* Info.plist */,
			);
			path = "Papai Noel";
			sourceTree = "<group>";
		};
		3AB9F9F823885B1A00D7F3CF /* model */ = {
			isa = PBXGroup;
			children = (
				3AB9F9FB23885C4A00D7F3CF /* Presente.swift */,
				3AB9F9FD23885D6D00D7F3CF /* Cadastro.swift */,
			);
			path = model;
			sourceTree = "<group>";
		};
		3AB9F9F923885B1F00D7F3CF /* view */ = {
			isa = PBXGroup;
			children = (
				3AB9F9EA23885B0900D7F3CF /* Main.storyboard */,
			);
			path = view;
			sourceTree = "<group>";
		};
		3AB9F9FA23885B2400D7F3CF /* controller */ = {
			isa = PBXGroup;
			children = (
				3AB9F9E823885B0900D7F3CF /* FormViewController.swift */,
				3AB9F9FF238865C500D7F3CF /* PresenteTableViewController.swift */,
			);
			path = controller;
			sourceTree = "<group>";
		};
/* End PBXGroup section */

/* Begin PBXNativeTarget section */
		3AB9F9E023885B0900D7F3CF /* Papai Noel */ = {
			isa = PBXNativeTarget;
			buildConfigurationList = 3AB9F9F523885B0900D7F3CF /* Build configuration list for PBXNativeTarget "Papai Noel" */;
			buildPhases = (
				3AB9F9DD23885B0900D7F3CF /* Sources */,
				3AB9F9DE23885B0900D7F3CF /* Frameworks */,
				3AB9F9DF23885B0900D7F3CF /* Resources */,
			);
			buildRules = (
			);
			dependencies = (
			);
			name = "Papai Noel";
			productName = "Papai Noel";
			productReference = 3AB9F9E123885B0900D7F3CF /* Papai Noel.app */;
			productType = "com.apple.product-type.application";
		};
/* End PBXNativeTarget section */

/* Begin PBXProject section */
		3AB9F9D923885B0900D7F3CF /* Project object */ = {
			isa = PBXProject;
			attributes = {
				LastSwiftUpdateCheck = 1120;
				LastUpgradeCheck = 1120;
				ORGANIZATIONNAME = "Valéria Cavalcanti";
				TargetAttributes = {
					3AB9F9E023885B0900D7F3CF = {
						CreatedOnToolsVersion = 11.2.1;
					};
				};
			};
			buildConfigurationList = 3AB9F9DC23885B0900D7F3CF /* Build configuration list for PBXProject "Papai Noel" */;
			compatibilityVersion = "Xcode 9.3";
			developmentRegion = en;
			hasScannedForEncodings = 0;
			knownRegions = (
				en,
				Base,
			);
			mainGroup = 3AB9F9D823885B0900D7F3CF;
			productRefGroup = 3AB9F9E223885B0900D7F3CF /* Products */;
			projectDirPath = "";
			projectRoot = "";
			targets = (
				3AB9F9E023885B0900D7F3CF /* Papai Noel */,
			);
		};
/* End PBXProject section */

/* Begin PBXResourcesBuildPhase section */
		3AB9F9DF23885B0900D7F3CF /* Resources */ = {
			isa = PBXResourcesBuildPhase;
			buildActionMask = 2147483647;
			files = (
				3AB9F9F123885B0900D7F3CF /* LaunchScreen.storyboard in Resources */,
				3AB9F9EE23885B0900D7F3CF /* Assets.xcassets in Resources */,
				3AB9F9EC23885B0900D7F3CF /* Main.storyboard in Resources */,
			);
			runOnlyForDeploymentPostprocessing = 0;
		};
/* End PBXResourcesBuildPhase section */

/* Begin PBXSourcesBuildPhase section */
		3AB9F9DD23885B0900D7F3CF /* Sources */ = {
			isa = PBXSourcesBuildPhase;
			buildActionMask = 2147483647;
			files = (
				3AB9F9E923885B0900D7F3CF /* FormViewController.swift in Sources */,
				3AB9F9FE23885D6D00D7F3CF /* Cadastro.swift in Sources */,
				3AB9F9E523885B0900D7F3CF /* AppDelegate.swift in Sources */,
				3AB9F9E723885B0900D7F3CF /* SceneDelegate.swift in Sources */,
				3AB9F9FC23885C4A00D7F3CF /* Presente.swift in Sources */,
				3AB9FA00238865C500D7F3CF /* PresenteTableViewController.swift in Sources */,
			);
			runOnlyForDeploymentPostprocessing = 0;
		};
/* End PBXSourcesBuildPhase section */

/* Begin PBXVariantGroup section */
		3AB9F9EA23885B0900D7F3CF /* Main.storyboard */ = {
			isa = PBXVariantGroup;
			children = (
				3AB9F9EB23885B0900D7F3CF /* Base */,
			);
			name = Main.storyboard;
			sourceTree = "<group>";
		};
		3AB9F9EF23885B0900D7F3CF /* LaunchScreen.storyboard */ = {
			isa = PBXVariantGroup;
			children = (
				3AB9F9F023885B0900D7F3CF /* Base */,
			);
			name = LaunchScreen.storyboard;
			sourceTree = "<group>";
		};
/* End PBXVariantGroup section */

/* Begin XCBuildConfiguration section */
		3AB9F9F323885B0900D7F3CF /* Debug */ = {
			isa = XCBuildConfiguration;
			buildSettings = {
				ALWAYS_SEARCH_USER_PATHS = NO;
				CLANG_ANALYZER_NONNULL = YES;
				CLANG_ANALYZER_NUMBER_OBJECT_CONVERSION = YES_AGGRESSIVE;
				CLANG_CXX_LANGUAGE_STANDARD = "gnu++14";
				CLANG_CXX_LIBRARY = "libc++";
				CLANG_ENABLE_MODULES = YES;
				CLANG_ENABLE_OBJC_ARC = YES;
				CLANG_ENABLE_OBJC_WEAK = YES;
				CLANG_WARN_BLOCK_CAPTURE_AUTORELEASING = YES;
				CLANG_WARN_BOOL_CONVERSION = YES;
				CLANG_WARN_COMMA = YES;
				CLANG_WARN_CONSTANT_CONVERSION = YES;
				CLANG_WARN_DEPRECATED_OBJC_IMPLEMENTATIONS = YES;
				CLANG_WARN_DIRECT_OBJC_ISA_USAGE = YES_ERROR;
				CLANG_WARN_DOCUMENTATION_COMMENTS = YES;
				CLANG_WARN_EMPTY_BODY = YES;
				CLANG_WARN_ENUM_CONVERSION = YES;
				CLANG_WARN_INFINITE_RECURSION = YES;
				CLANG_WARN_INT_CONVERSION = YES;
				CLANG_WARN_NON_LITERAL_NULL_CONVERSION = YES;
				CLANG_WARN_OBJC_IMPLICIT_RETAIN_SELF = YES;
				CLANG_WARN_OBJC_LITERAL_CONVERSION = YES;
				CLANG_WARN_OBJC_ROOT_CLASS = YES_ERROR;
				CLANG_WARN_RANGE_LOOP_ANALYSIS = YES;
				CLANG_WARN_STRICT_PROTOTYPES = YES;
				CLANG_WARN_SUSPICIOUS_MOVE = YES;
				CLANG_WARN_UNGUARDED_AVAILABILITY = YES_AGGRESSIVE;
				CLANG_WARN_UNREACHABLE_CODE = YES;
				CLANG_WARN__DUPLICATE_METHOD_MATCH = YES;
				COPY_PHASE_STRIP = NO;
				DEBUG_INFORMATION_FORMAT = dwarf;
				ENABLE_STRICT_OBJC_MSGSEND = YES;
				ENABLE_TESTABILITY = YES;
				GCC_C_LANGUAGE_STANDARD = gnu11;
				GCC_DYNAMIC_NO_PIC = NO;
				GCC_NO_COMMON_BLOCKS = YES;
				GCC_OPTIMIZATION_LEVEL = 0;
				GCC_PREPROCESSOR_DEFINITIONS = (
					"DEBUG=1",
					"$(inherited)",
				);
				GCC_WARN_64_TO_32_BIT_CONVERSION = YES;
				GCC_WARN_ABOUT_RETURN_TYPE = YES_ERROR;
				GCC_WARN_UNDECLARED_SELECTOR = YES;
				GCC_WARN_UNINITIALIZED_AUTOS = YES_AGGRESSIVE;
				GCC_WARN_UNUSED_FUNCTION = YES;
				GCC_WARN_UNUSED_VARIABLE = YES;
				IPHONEOS_DEPLOYMENT_TARGET = 13.2;
				MTL_ENABLE_DEBUG_INFO = INCLUDE_SOURCE;
				MTL_FAST_MATH = YES;
				ONLY_ACTIVE_ARCH = YES;
				SDKROOT = iphoneos;
				SWIFT_ACTIVE_COMPILATION_CONDITIONS = DEBUG;
				SWIFT_OPTIMIZATION_LEVEL = "-Onone";
			};
			name = Debug;
		};
		3AB9F9F423885B0900D7F3CF /* Release */ = {
			isa = XCBuildConfiguration;
			buildSettings = {
				ALWAYS_SEARCH_USER_PATHS = NO;
				CLANG_ANALYZER_NONNULL = YES;
				CLANG_ANALYZER_NUMBER_OBJECT_CONVERSION = YES_AGGRESSIVE;
				CLANG_CXX_LANGUAGE_STANDARD = "gnu++14";
				CLANG_CXX_LIBRARY = "libc++";
				CLANG_ENABLE_MODULES = YES;
				CLANG_ENABLE_OBJC_ARC = YES;
				CLANG_ENABLE_OBJC_WEAK = YES;
				CLANG_WARN_BLOCK_CAPTURE_AUTORELEASING = YES;
				CLANG_WARN_BOOL_CONVERSION = YES;
				CLANG_WARN_COMMA = YES;
				CLANG_WARN_CONSTANT_CONVERSION = YES;
				CLANG_WARN_DEPRECATED_OBJC_IMPLEMENTATIONS = YES;
				CLANG_WARN_DIRECT_OBJC_ISA_USAGE = YES_ERROR;
				CLANG_WARN_DOCUMENTATION_COMMENTS = YES;
				CLANG_WARN_EMPTY_BODY = YES;
				CLANG_WARN_ENUM_CONVERSION = YES;
				CLANG_WARN_INFINITE_RECURSION = YES;
				CLANG_WARN_INT_CONVERSION = YES;
				CLANG_WARN_NON_LITERAL_NULL_CONVERSION = YES;
				CLANG_WARN_OBJC_IMPLICIT_RETAIN_SELF = YES;
				CLANG_WARN_OBJC_LITERAL_CONVERSION = YES;
				CLANG_WARN_OBJC_ROOT_CLASS = YES_ERROR;
				CLANG_WARN_RANGE_LOOP_ANALYSIS = YES;
				CLANG_WARN_STRICT_PROTOTYPES = YES;
				CLANG_WARN_SUSPICIOUS_MOVE = YES;
				CLANG_WARN_UNGUARDED_AVAILABILITY = YES_AGGRESSIVE;
				CLANG_WARN_UNREACHABLE_CODE = YES;
				CLANG_WARN__DUPLICATE_METHOD_MATCH = YES;
				COPY_PHASE_STRIP = NO;
				DEBUG_INFORMATION_FORMAT = "dwarf-with-dsym";
				ENABLE_NS_ASSERTIONS = NO;
				ENABLE_STRICT_OBJC_MSGSEND = YES;
				GCC_C_LANGUAGE_STANDARD = gnu11;
				GCC_NO_COMMON_BLOCKS = YES;
				GCC_WARN_64_TO_32_BIT_CONVERSION = YES;
				GCC_WARN_ABOUT_RETURN_TYPE = YES_ERROR;
				GCC_WARN_UNDECLARED_SELECTOR = YES;
				GCC_WARN_UNINITIALIZED_AUTOS = YES_AGGRESSIVE;
				GCC_WARN_UNUSED_FUNCTION = YES;
				GCC_WARN_UNUSED_VARIABLE = YES;
				IPHONEOS_DEPLOYMENT_TARGET = 13.2;
				MTL_ENABLE_DEBUG_INFO = NO;
				MTL_FAST_MATH = YES;
				SDKROOT = iphoneos;
				SWIFT_COMPILATION_MODE = wholemodule;
				SWIFT_OPTIMIZATION_LEVEL = "-O";
				VALIDATE_PRODUCT = YES;
			};
			name = Release;
		};
		3AB9F9F623885B0900D7F3CF /* Debug */ = {
			isa = XCBuildConfiguration;
			buildSettings = {
				ASSETCATALOG_COMPILER_APPICON_NAME = AppIcon;
				CODE_SIGN_STYLE = Automatic;
				INFOPLIST_FILE = "Papai Noel/Info.plist";
				LD_RUNPATH_SEARCH_PATHS = (
					"$(inherited)",
					"@executable_path/Frameworks",
				);
				PRODUCT_BUNDLE_IDENTIFIER = "br.edu.ifpb.Papai-Noel";
				PRODUCT_NAME = "$(TARGET_NAME)";
				SWIFT_VERSION = 5.0;
				TARGETED_DEVICE_FAMILY = "1,2";
			};
			name = Debug;
		};
		3AB9F9F723885B0900D7F3CF /* Release */ = {
			isa = XCBuildConfiguration;
			buildSettings = {
				ASSETCATALOG_COMPILER_APPICON_NAME = AppIcon;
				CODE_SIGN_STYLE = Automatic;
				INFOPLIST_FILE = "Papai Noel/Info.plist";
				LD_RUNPATH_SEARCH_PATHS = (
					"$(inherited)",
					"@executable_path/Frameworks",
				);
				PRODUCT_BUNDLE_IDENTIFIER = "br.edu.ifpb.Papai-Noel";
				PRODUCT_NAME = "$(TARGET_NAME)";
				SWIFT_VERSION = 5.0;
				TARGETED_DEVICE_FAMILY = "1,2";
			};
			name = Release;
		};
/* End XCBuildConfiguration section */

/* Begin XCConfigurationList section */
		3AB9F9DC23885B0900D7F3CF /* Build configuration list for PBXProject "Papai Noel" */ = {
			isa = XCConfigurationList;
			buildConfigurations = (
				3AB9F9F323885B0900D7F3CF /* Debug */,
				3AB9F9F423885B0900D7F3CF /* Release */,
			);
			defaultConfigurationIsVisible = 0;
			defaultConfigurationName = Release;
		};
		3AB9F9F523885B0900D7F3CF /* Build configuration list for PBXNativeTarget "Papai Noel" */ = {
			isa = XCConfigurationList;
			buildConfigurations = (
				3AB9F9F623885B0900D7F3CF /* Debug */,
				3AB9F9F723885B0900D7F3CF /* Release */,
			);
			defaultConfigurationIsVisible = 0;
			defaultConfigurationName = Release;
		};
/* End XCConfigurationList section */
	};
	rootObject = 3AB9F9D923885B0900D7F3CF /* Project object */;
}
