// !$*UTF8*$!
{
	archiveVersion = 1;
	classes = {
	};
	objectVersion = 50;
	objects = {

/* Begin PBXBuildFile section */
		3A2B8442239ADA91004F0495 /* AppDelegate.swift in Sources */ = {isa = PBXBuildFile; fileRef = 3A2B8441239ADA91004F0495 /* AppDelegate.swift */; };
		3A2B8444239ADA91004F0495 /* SceneDelegate.swift in Sources */ = {isa = PBXBuildFile; fileRef = 3A2B8443239ADA91004F0495 /* SceneDelegate.swift */; };
		3A2B8446239ADA91004F0495 /* FormViewController.swift in Sources */ = {isa = PBXBuildFile; fileRef = 3A2B8445239ADA91004F0495 /* FormViewController.swift */; };
		3A2B8449239ADA91004F0495 /* Main.storyboard in Resources */ = {isa = PBXBuildFile; fileRef = 3A2B8447239ADA91004F0495 /* Main.storyboard */; };
		3A2B844C239ADA91004F0495 /* Memorias.xcdatamodeld in Sources */ = {isa = PBXBuildFile; fileRef = 3A2B844A239ADA91004F0495 /* Memorias.xcdatamodeld */; };
		3A2B844E239ADA93004F0495 /* Assets.xcassets in Resources */ = {isa = PBXBuildFile; fileRef = 3A2B844D239ADA93004F0495 /* Assets.xcassets */; };
		3A2B8451239ADA93004F0495 /* LaunchScreen.storyboard in Resources */ = {isa = PBXBuildFile; fileRef = 3A2B844F239ADA93004F0495 /* LaunchScreen.storyboard */; };
		3A2B845C239ADCEF004F0495 /* MemoriaTableViewController.swift in Sources */ = {isa = PBXBuildFile; fileRef = 3A2B845B239ADCEF004F0495 /* MemoriaTableViewController.swift */; };
		3A2B845E239AE055004F0495 /* MemoriaDAO.swift in Sources */ = {isa = PBXBuildFile; fileRef = 3A2B845D239AE055004F0495 /* MemoriaDAO.swift */; };
/* End PBXBuildFile section */

/* Begin PBXFileReference section */
		3A2B843E239ADA91004F0495 /* Memorias.app */ = {isa = PBXFileReference; explicitFileType = wrapper.application; includeInIndex = 0; path = Memorias.app; sourceTree = BUILT_PRODUCTS_DIR; };
		3A2B8441239ADA91004F0495 /* AppDelegate.swift */ = {isa = PBXFileReference; lastKnownFileType = sourcecode.swift; path = AppDelegate.swift; sourceTree = "<group>"; };
		3A2B8443239ADA91004F0495 /* SceneDelegate.swift */ = {isa = PBXFileReference; lastKnownFileType = sourcecode.swift; path = SceneDelegate.swift; sourceTree = "<group>"; };
		3A2B8445239ADA91004F0495 /* FormViewController.swift */ = {isa = PBXFileReference; lastKnownFileType = sourcecode.swift; path = FormViewController.swift; sourceTree = "<group>"; };
		3A2B8448239ADA91004F0495 /* Base */ = {isa = PBXFileReference; lastKnownFileType = file.storyboard; name = Base; path = Base.lproj/Main.storyboard; sourceTree = "<group>"; };
		3A2B844B239ADA91004F0495 /* Memorias.xcdatamodel */ = {isa = PBXFileReference; lastKnownFileType = wrapper.xcdatamodel; path = Memorias.xcdatamodel; sourceTree = "<group>"; };
		3A2B844D239ADA93004F0495 /* Assets.xcassets */ = {isa = PBXFileReference; lastKnownFileType = folder.assetcatalog; path = Assets.xcassets; sourceTree = "<group>"; };
		3A2B8450239ADA93004F0495 /* Base */ = {isa = PBXFileReference; lastKnownFileType = file.storyboard; name = Base; path = Base.lproj/LaunchScreen.storyboard; sourceTree = "<group>"; };
		3A2B8452239ADA93004F0495 /* Info.plist */ = {isa = PBXFileReference; lastKnownFileType = text.plist.xml; path = Info.plist; sourceTree = "<group>"; };
		3A2B845B239ADCEF004F0495 /* MemoriaTableViewController.swift */ = {isa = PBXFileReference; lastKnownFileType = sourcecode.swift; path = MemoriaTableViewController.swift; sourceTree = "<group>"; };
		3A2B845D239AE055004F0495 /* MemoriaDAO.swift */ = {isa = PBXFileReference; lastKnownFileType = sourcecode.swift; path = MemoriaDAO.swift; sourceTree = "<group>"; };
/* End PBXFileReference section */

/* Begin PBXFrameworksBuildPhase section */
		3A2B843B239ADA91004F0495 /* Frameworks */ = {
			isa = PBXFrameworksBuildPhase;
			buildActionMask = 2147483647;
			files = (
			);
			runOnlyForDeploymentPostprocessing = 0;
		};
/* End PBXFrameworksBuildPhase section */

/* Begin PBXGroup section */
		3A2B8435239ADA91004F0495 = {
			isa = PBXGroup;
			children = (
				3A2B8440239ADA91004F0495 /* Memorias */,
				3A2B843F239ADA91004F0495 /* Products */,
			);
			sourceTree = "<group>";
		};
		3A2B843F239ADA91004F0495 /* Products */ = {
			isa = PBXGroup;
			children = (
				3A2B843E239ADA91004F0495 /* Memorias.app */,
			);
			name = Products;
			sourceTree = "<group>";
		};
		3A2B8440239ADA91004F0495 /* Memorias */ = {
			isa = PBXGroup;
			children = (
				3A2B845A239ADCA9004F0495 /* controller */,
				3A2B8459239ADCA3004F0495 /* view */,
				3A2B8458239ADC9E004F0495 /* model */,
				3A2B8441239ADA91004F0495 /* AppDelegate.swift */,
				3A2B8443239ADA91004F0495 /* SceneDelegate.swift */,
				3A2B844D239ADA93004F0495 /* Assets.xcassets */,
				3A2B844F239ADA93004F0495 /* LaunchScreen.storyboard */,
				3A2B8452239ADA93004F0495 /* Info.plist */,
			);
			path = Memorias;
			sourceTree = "<group>";
		};
		3A2B8458239ADC9E004F0495 /* model */ = {
			isa = PBXGroup;
			children = (
				3A2B844A239ADA91004F0495 /* Memorias.xcdatamodeld */,
				3A2B845D239AE055004F0495 /* MemoriaDAO.swift */,
			);
			path = model;
			sourceTree = "<group>";
		};
		3A2B8459239ADCA3004F0495 /* view */ = {
			isa = PBXGroup;
			children = (
				3A2B8447239ADA91004F0495 /* Main.storyboard */,
			);
			path = view;
			sourceTree = "<group>";
		};
		3A2B845A239ADCA9004F0495 /* controller */ = {
			isa = PBXGroup;
			children = (
				3A2B8445239ADA91004F0495 /* FormViewController.swift */,
				3A2B845B239ADCEF004F0495 /* MemoriaTableViewController.swift */,
			);
			path = controller;
			sourceTree = "<group>";
		};
/* End PBXGroup section */

/* Begin PBXNativeTarget section */
		3A2B843D239ADA91004F0495 /* Memorias */ = {
			isa = PBXNativeTarget;
			buildConfigurationList = 3A2B8455239ADA93004F0495 /* Build configuration list for PBXNativeTarget "Memorias" */;
			buildPhases = (
				3A2B843A239ADA91004F0495 /* Sources */,
				3A2B843B239ADA91004F0495 /* Frameworks */,
				3A2B843C239ADA91004F0495 /* Resources */,
			);
			buildRules = (
			);
			dependencies = (
			);
			name = Memorias;
			productName = Memorias;
			productReference = 3A2B843E239ADA91004F0495 /* Memorias.app */;
			productType = "com.apple.product-type.application";
		};
/* End PBXNativeTarget section */

/* Begin PBXProject section */
		3A2B8436239ADA91004F0495 /* Project object */ = {
			isa = PBXProject;
			attributes = {
				LastSwiftUpdateCheck = 1120;
				LastUpgradeCheck = 1120;
				ORGANIZATIONNAME = "Valéria Cavalcanti";
				TargetAttributes = {
					3A2B843D239ADA91004F0495 = {
						CreatedOnToolsVersion = 11.2.1;
					};
				};
			};
			buildConfigurationList = 3A2B8439239ADA91004F0495 /* Build configuration list for PBXProject "Memorias" */;
			compatibilityVersion = "Xcode 9.3";
			developmentRegion = en;
			hasScannedForEncodings = 0;
			knownRegions = (
				en,
				Base,
			);
			mainGroup = 3A2B8435239ADA91004F0495;
			productRefGroup = 3A2B843F239ADA91004F0495 /* Products */;
			projectDirPath = "";
			projectRoot = "";
			targets = (
				3A2B843D239ADA91004F0495 /* Memorias */,
			);
		};
/* End PBXProject section */

/* Begin PBXResourcesBuildPhase section */
		3A2B843C239ADA91004F0495 /* Resources */ = {
			isa = PBXResourcesBuildPhase;
			buildActionMask = 2147483647;
			files = (
				3A2B8451239ADA93004F0495 /* LaunchScreen.storyboard in Resources */,
				3A2B844E239ADA93004F0495 /* Assets.xcassets in Resources */,
				3A2B8449239ADA91004F0495 /* Main.storyboard in Resources */,
			);
			runOnlyForDeploymentPostprocessing = 0;
		};
/* End PBXResourcesBuildPhase section */

/* Begin PBXSourcesBuildPhase section */
		3A2B843A239ADA91004F0495 /* Sources */ = {
			isa = PBXSourcesBuildPhase;
			buildActionMask = 2147483647;
			files = (
				3A2B845C239ADCEF004F0495 /* MemoriaTableViewController.swift in Sources */,
				3A2B8446239ADA91004F0495 /* FormViewController.swift in Sources */,
				3A2B8442239ADA91004F0495 /* AppDelegate.swift in Sources */,
				3A2B844C239ADA91004F0495 /* Memorias.xcdatamodeld in Sources */,
				3A2B8444239ADA91004F0495 /* SceneDelegate.swift in Sources */,
				3A2B845E239AE055004F0495 /* MemoriaDAO.swift in Sources */,
			);
			runOnlyForDeploymentPostprocessing = 0;
		};
/* End PBXSourcesBuildPhase section */

/* Begin PBXVariantGroup section */
		3A2B8447239ADA91004F0495 /* Main.storyboard */ = {
			isa = PBXVariantGroup;
			children = (
				3A2B8448239ADA91004F0495 /* Base */,
			);
			name = Main.storyboard;
			sourceTree = "<group>";
		};
		3A2B844F239ADA93004F0495 /* LaunchScreen.storyboard */ = {
			isa = PBXVariantGroup;
			children = (
				3A2B8450239ADA93004F0495 /* Base */,
			);
			name = LaunchScreen.storyboard;
			sourceTree = "<group>";
		};
/* End PBXVariantGroup section */

/* Begin XCBuildConfiguration section */
		3A2B8453239ADA93004F0495 /* Debug */ = {
			isa = XCBuildConfiguration;
			buildSettings = {
				ALWAYS_SEARCH_USER_PATHS = NO;
				CLANG_ANALYZER_NONNULL = YES;
				CLANG_ANALYZER_NUMBER_OBJECT_CONVERSION = YES_AGGRESSIVE;
				CLANG_CXX_LANGUAGE_STANDARD = "gnu++14";
				CLANG_CXX_LIBRARY = "libc++";
				CLANG_ENABLE_MODULES = YES;
				CLANG_ENABLE_OBJC_ARC = YES;
				CLANG_ENABLE_OBJC_WEAK = YES;
				CLANG_WARN_BLOCK_CAPTURE_AUTORELEASING = YES;
				CLANG_WARN_BOOL_CONVERSION = YES;
				CLANG_WARN_COMMA = YES;
				CLANG_WARN_CONSTANT_CONVERSION = YES;
				CLANG_WARN_DEPRECATED_OBJC_IMPLEMENTATIONS = YES;
				CLANG_WARN_DIRECT_OBJC_ISA_USAGE = YES_ERROR;
				CLANG_WARN_DOCUMENTATION_COMMENTS = YES;
				CLANG_WARN_EMPTY_BODY = YES;
				CLANG_WARN_ENUM_CONVERSION = YES;
				CLANG_WARN_INFINITE_RECURSION = YES;
				CLANG_WARN_INT_CONVERSION = YES;
				CLANG_WARN_NON_LITERAL_NULL_CONVERSION = YES;
				CLANG_WARN_OBJC_IMPLICIT_RETAIN_SELF = YES;
				CLANG_WARN_OBJC_LITERAL_CONVERSION = YES;
				CLANG_WARN_OBJC_ROOT_CLASS = YES_ERROR;
				CLANG_WARN_RANGE_LOOP_ANALYSIS = YES;
				CLANG_WARN_STRICT_PROTOTYPES = YES;
				CLANG_WARN_SUSPICIOUS_MOVE = YES;
				CLANG_WARN_UNGUARDED_AVAILABILITY = YES_AGGRESSIVE;
				CLANG_WARN_UNREACHABLE_CODE = YES;
				CLANG_WARN__DUPLICATE_METHOD_MATCH = YES;
				COPY_PHASE_STRIP = NO;
				DEBUG_INFORMATION_FORMAT = dwarf;
				ENABLE_STRICT_OBJC_MSGSEND = YES;
				ENABLE_TESTABILITY = YES;
				GCC_C_LANGUAGE_STANDARD = gnu11;
				GCC_DYNAMIC_NO_PIC = NO;
				GCC_NO_COMMON_BLOCKS = YES;
				GCC_OPTIMIZATION_LEVEL = 0;
				GCC_PREPROCESSOR_DEFINITIONS = (
					"DEBUG=1",
					"$(inherited)",
				);
				GCC_WARN_64_TO_32_BIT_CONVERSION = YES;
				GCC_WARN_ABOUT_RETURN_TYPE = YES_ERROR;
				GCC_WARN_UNDECLARED_SELECTOR = YES;
				GCC_WARN_UNINITIALIZED_AUTOS = YES_AGGRESSIVE;
				GCC_WARN_UNUSED_FUNCTION = YES;
				GCC_WARN_UNUSED_VARIABLE = YES;
				IPHONEOS_DEPLOYMENT_TARGET = 13.2;
				MTL_ENABLE_DEBUG_INFO = INCLUDE_SOURCE;
				MTL_FAST_MATH = YES;
				ONLY_ACTIVE_ARCH = YES;
				SDKROOT = iphoneos;
				SWIFT_ACTIVE_COMPILATION_CONDITIONS = DEBUG;
				SWIFT_OPTIMIZATION_LEVEL = "-Onone";
			};
			name = Debug;
		};
		3A2B8454239ADA93004F0495 /* Release */ = {
			isa = XCBuildConfiguration;
			buildSettings = {
				ALWAYS_SEARCH_USER_PATHS = NO;
				CLANG_ANALYZER_NONNULL = YES;
				CLANG_ANALYZER_NUMBER_OBJECT_CONVERSION = YES_AGGRESSIVE;
				CLANG_CXX_LANGUAGE_STANDARD = "gnu++14";
				CLANG_CXX_LIBRARY = "libc++";
				CLANG_ENABLE_MODULES = YES;
				CLANG_ENABLE_OBJC_ARC = YES;
				CLANG_ENABLE_OBJC_WEAK = YES;
				CLANG_WARN_BLOCK_CAPTURE_AUTORELEASING = YES;
				CLANG_WARN_BOOL_CONVERSION = YES;
				CLANG_WARN_COMMA = YES;
				CLANG_WARN_CONSTANT_CONVERSION = YES;
				CLANG_WARN_DEPRECATED_OBJC_IMPLEMENTATIONS = YES;
				CLANG_WARN_DIRECT_OBJC_ISA_USAGE = YES_ERROR;
				CLANG_WARN_DOCUMENTATION_COMMENTS = YES;
				CLANG_WARN_EMPTY_BODY = YES;
				CLANG_WARN_ENUM_CONVERSION = YES;
				CLANG_WARN_INFINITE_RECURSION = YES;
				CLANG_WARN_INT_CONVERSION = YES;
				CLANG_WARN_NON_LITERAL_NULL_CONVERSION = YES;
				CLANG_WARN_OBJC_IMPLICIT_RETAIN_SELF = YES;
				CLANG_WARN_OBJC_LITERAL_CONVERSION = YES;
				CLANG_WARN_OBJC_ROOT_CLASS = YES_ERROR;
				CLANG_WARN_RANGE_LOOP_ANALYSIS = YES;
				CLANG_WARN_STRICT_PROTOTYPES = YES;
				CLANG_WARN_SUSPICIOUS_MOVE = YES;
				CLANG_WARN_UNGUARDED_AVAILABILITY = YES_AGGRESSIVE;
				CLANG_WARN_UNREACHABLE_CODE = YES;
				CLANG_WARN__DUPLICATE_METHOD_MATCH = YES;
				COPY_PHASE_STRIP = NO;
				DEBUG_INFORMATION_FORMAT = "dwarf-with-dsym";
				ENABLE_NS_ASSERTIONS = NO;
				ENABLE_STRICT_OBJC_MSGSEND = YES;
				GCC_C_LANGUAGE_STANDARD = gnu11;
				GCC_NO_COMMON_BLOCKS = YES;
				GCC_WARN_64_TO_32_BIT_CONVERSION = YES;
				GCC_WARN_ABOUT_RETURN_TYPE = YES_ERROR;
				GCC_WARN_UNDECLARED_SELECTOR = YES;
				GCC_WARN_UNINITIALIZED_AUTOS = YES_AGGRESSIVE;
				GCC_WARN_UNUSED_FUNCTION = YES;
				GCC_WARN_UNUSED_VARIABLE = YES;
				IPHONEOS_DEPLOYMENT_TARGET = 13.2;
				MTL_ENABLE_DEBUG_INFO = NO;
				MTL_FAST_MATH = YES;
				SDKROOT = iphoneos;
				SWIFT_COMPILATION_MODE = wholemodule;
				SWIFT_OPTIMIZATION_LEVEL = "-O";
				VALIDATE_PRODUCT = YES;
			};
			name = Release;
		};
		3A2B8456239ADA93004F0495 /* Debug */ = {
			isa = XCBuildConfiguration;
			buildSettings = {
				ASSETCATALOG_COMPILER_APPICON_NAME = AppIcon;
				CODE_SIGN_STYLE = Automatic;
				INFOPLIST_FILE = Memorias/Info.plist;
				LD_RUNPATH_SEARCH_PATHS = (
					"$(inherited)",
					"@executable_path/Frameworks",
				);
				PRODUCT_BUNDLE_IDENTIFIER = br.edu.ifpb.Memorias;
				PRODUCT_NAME = "$(TARGET_NAME)";
				SWIFT_VERSION = 5.0;
				TARGETED_DEVICE_FAMILY = "1,2";
			};
			name = Debug;
		};
		3A2B8457239ADA93004F0495 /* Release */ = {
			isa = XCBuildConfiguration;
			buildSettings = {
				ASSETCATALOG_COMPILER_APPICON_NAME = AppIcon;
				CODE_SIGN_STYLE = Automatic;
				INFOPLIST_FILE = Memorias/Info.plist;
				LD_RUNPATH_SEARCH_PATHS = (
					"$(inherited)",
					"@executable_path/Frameworks",
				);
				PRODUCT_BUNDLE_IDENTIFIER = br.edu.ifpb.Memorias;
				PRODUCT_NAME = "$(TARGET_NAME)";
				SWIFT_VERSION = 5.0;
				TARGETED_DEVICE_FAMILY = "1,2";
			};
			name = Release;
		};
/* End XCBuildConfiguration section */

/* Begin XCConfigurationList section */
		3A2B8439239ADA91004F0495 /* Build configuration list for PBXProject "Memorias" */ = {
			isa = XCConfigurationList;
			buildConfigurations = (
				3A2B8453239ADA93004F0495 /* Debug */,
				3A2B8454239ADA93004F0495 /* Release */,
			);
			defaultConfigurationIsVisible = 0;
			defaultConfigurationName = Release;
		};
		3A2B8455239ADA93004F0495 /* Build configuration list for PBXNativeTarget "Memorias" */ = {
			isa = XCConfigurationList;
			buildConfigurations = (
				3A2B8456239ADA93004F0495 /* Debug */,
				3A2B8457239ADA93004F0495 /* Release */,
			);
			defaultConfigurationIsVisible = 0;
			defaultConfigurationName = Release;
		};
/* End XCConfigurationList section */

/* Begin XCVersionGroup section */
		3A2B844A239ADA91004F0495 /* Memorias.xcdatamodeld */ = {
			isa = XCVersionGroup;
			children = (
				3A2B844B239ADA91004F0495 /* Memorias.xcdatamodel */,
			);
			currentVersion = 3A2B844B239ADA91004F0495 /* Memorias.xcdatamodel */;
			path = Memorias.xcdatamodeld;
			sourceTree = "<group>";
			versionGroupType = wrapper.xcdatamodel;
		};
/* End XCVersionGroup section */
	};
	rootObject = 3A2B8436239ADA91004F0495 /* Project object */;
}
