// !$*UTF8*$!
{
	archiveVersion = 1;
	classes = {
	};
	objectVersion = 50;
	objects = {

/* Begin PBXBuildFile section */
		3AE36B842386F3CB0041EB69 /* AppDelegate.swift in Sources */ = {isa = PBXBuildFile; fileRef = 3AE36B832386F3CB0041EB69 /* AppDelegate.swift */; };
		3AE36B862386F3CB0041EB69 /* SceneDelegate.swift in Sources */ = {isa = PBXBuildFile; fileRef = 3AE36B852386F3CB0041EB69 /* SceneDelegate.swift */; };
		3AE36B882386F3CB0041EB69 /* MainViewController.swift in Sources */ = {isa = PBXBuildFile; fileRef = 3AE36B872386F3CB0041EB69 /* MainViewController.swift */; };
		3AE36B8B2386F3CB0041EB69 /* Main.storyboard in Resources */ = {isa = PBXBuildFile; fileRef = 3AE36B892386F3CB0041EB69 /* Main.storyboard */; };
		3AE36B8D2386F3CC0041EB69 /* Assets.xcassets in Resources */ = {isa = PBXBuildFile; fileRef = 3AE36B8C2386F3CC0041EB69 /* Assets.xcassets */; };
		3AE36B902386F3CC0041EB69 /* LaunchScreen.storyboard in Resources */ = {isa = PBXBuildFile; fileRef = 3AE36B8E2386F3CC0041EB69 /* LaunchScreen.storyboard */; };
		3AE36B9B2386F5090041EB69 /* SobreViewController.swift in Sources */ = {isa = PBXBuildFile; fileRef = 3AE36B9A2386F5090041EB69 /* SobreViewController.swift */; };
/* End PBXBuildFile section */

/* Begin PBXFileReference section */
		3AE36B802386F3CB0041EB69 /* Tres formas.app */ = {isa = PBXFileReference; explicitFileType = wrapper.application; includeInIndex = 0; path = "Tres formas.app"; sourceTree = BUILT_PRODUCTS_DIR; };
		3AE36B832386F3CB0041EB69 /* AppDelegate.swift */ = {isa = PBXFileReference; lastKnownFileType = sourcecode.swift; path = AppDelegate.swift; sourceTree = "<group>"; };
		3AE36B852386F3CB0041EB69 /* SceneDelegate.swift */ = {isa = PBXFileReference; lastKnownFileType = sourcecode.swift; path = SceneDelegate.swift; sourceTree = "<group>"; };
		3AE36B872386F3CB0041EB69 /* MainViewController.swift */ = {isa = PBXFileReference; lastKnownFileType = sourcecode.swift; path = MainViewController.swift; sourceTree = "<group>"; };
		3AE36B8A2386F3CB0041EB69 /* Base */ = {isa = PBXFileReference; lastKnownFileType = file.storyboard; name = Base; path = Base.lproj/Main.storyboard; sourceTree = "<group>"; };
		3AE36B8C2386F3CC0041EB69 /* Assets.xcassets */ = {isa = PBXFileReference; lastKnownFileType = folder.assetcatalog; path = Assets.xcassets; sourceTree = "<group>"; };
		3AE36B8F2386F3CC0041EB69 /* Base */ = {isa = PBXFileReference; lastKnownFileType = file.storyboard; name = Base; path = Base.lproj/LaunchScreen.storyboard; sourceTree = "<group>"; };
		3AE36B912386F3CC0041EB69 /* Info.plist */ = {isa = PBXFileReference; lastKnownFileType = text.plist.xml; path = Info.plist; sourceTree = "<group>"; };
		3AE36B9A2386F5090041EB69 /* SobreViewController.swift */ = {isa = PBXFileReference; lastKnownFileType = sourcecode.swift; path = SobreViewController.swift; sourceTree = "<group>"; };
/* End PBXFileReference section */

/* Begin PBXFrameworksBuildPhase section */
		3AE36B7D2386F3CB0041EB69 /* Frameworks */ = {
			isa = PBXFrameworksBuildPhase;
			buildActionMask = 2147483647;
			files = (
			);
			runOnlyForDeploymentPostprocessing = 0;
		};
/* End PBXFrameworksBuildPhase section */

/* Begin PBXGroup section */
		3AE36B772386F3CB0041EB69 = {
			isa = PBXGroup;
			children = (
				3AE36B822386F3CB0041EB69 /* Tres formas */,
				3AE36B812386F3CB0041EB69 /* Products */,
			);
			sourceTree = "<group>";
		};
		3AE36B812386F3CB0041EB69 /* Products */ = {
			isa = PBXGroup;
			children = (
				3AE36B802386F3CB0041EB69 /* Tres formas.app */,
			);
			name = Products;
			sourceTree = "<group>";
		};
		3AE36B822386F3CB0041EB69 /* Tres formas */ = {
			isa = PBXGroup;
			children = (
				3AE36B992386F42F0041EB69 /* controller */,
				3AE36B972386F4210041EB69 /* model */,
				3AE36B982386F42A0041EB69 /* view */,
				3AE36B832386F3CB0041EB69 /* AppDelegate.swift */,
				3AE36B852386F3CB0041EB69 /* SceneDelegate.swift */,
				3AE36B8C2386F3CC0041EB69 /* Assets.xcassets */,
				3AE36B8E2386F3CC0041EB69 /* LaunchScreen.storyboard */,
				3AE36B912386F3CC0041EB69 /* Info.plist */,
			);
			path = "Tres formas";
			sourceTree = "<group>";
		};
		3AE36B972386F4210041EB69 /* model */ = {
			isa = PBXGroup;
			children = (
			);
			path = model;
			sourceTree = "<group>";
		};
		3AE36B982386F42A0041EB69 /* view */ = {
			isa = PBXGroup;
			children = (
				3AE36B892386F3CB0041EB69 /* Main.storyboard */,
			);
			path = view;
			sourceTree = "<group>";
		};
		3AE36B992386F42F0041EB69 /* controller */ = {
			isa = PBXGroup;
			children = (
				3AE36B872386F3CB0041EB69 /* MainViewController.swift */,
				3AE36B9A2386F5090041EB69 /* SobreViewController.swift */,
			);
			path = controller;
			sourceTree = "<group>";
		};
/* End PBXGroup section */

/* Begin PBXNativeTarget section */
		3AE36B7F2386F3CB0041EB69 /* Tres formas */ = {
			isa = PBXNativeTarget;
			buildConfigurationList = 3AE36B942386F3CC0041EB69 /* Build configuration list for PBXNativeTarget "Tres formas" */;
			buildPhases = (
				3AE36B7C2386F3CB0041EB69 /* Sources */,
				3AE36B7D2386F3CB0041EB69 /* Frameworks */,
				3AE36B7E2386F3CB0041EB69 /* Resources */,
			);
			buildRules = (
			);
			dependencies = (
			);
			name = "Tres formas";
			productName = "Tres formas";
			productReference = 3AE36B802386F3CB0041EB69 /* Tres formas.app */;
			productType = "com.apple.product-type.application";
		};
/* End PBXNativeTarget section */

/* Begin PBXProject section */
		3AE36B782386F3CB0041EB69 /* Project object */ = {
			isa = PBXProject;
			attributes = {
				LastSwiftUpdateCheck = 1120;
				LastUpgradeCheck = 1120;
				ORGANIZATIONNAME = "Valéria Cavalcanti";
				TargetAttributes = {
					3AE36B7F2386F3CB0041EB69 = {
						CreatedOnToolsVersion = 11.2.1;
					};
				};
			};
			buildConfigurationList = 3AE36B7B2386F3CB0041EB69 /* Build configuration list for PBXProject "Tres formas" */;
			compatibilityVersion = "Xcode 9.3";
			developmentRegion = en;
			hasScannedForEncodings = 0;
			knownRegions = (
				en,
				Base,
			);
			mainGroup = 3AE36B772386F3CB0041EB69;
			productRefGroup = 3AE36B812386F3CB0041EB69 /* Products */;
			projectDirPath = "";
			projectRoot = "";
			targets = (
				3AE36B7F2386F3CB0041EB69 /* Tres formas */,
			);
		};
/* End PBXProject section */

/* Begin PBXResourcesBuildPhase section */
		3AE36B7E2386F3CB0041EB69 /* Resources */ = {
			isa = PBXResourcesBuildPhase;
			buildActionMask = 2147483647;
			files = (
				3AE36B902386F3CC0041EB69 /* LaunchScreen.storyboard in Resources */,
				3AE36B8D2386F3CC0041EB69 /* Assets.xcassets in Resources */,
				3AE36B8B2386F3CB0041EB69 /* Main.storyboard in Resources */,
			);
			runOnlyForDeploymentPostprocessing = 0;
		};
/* End PBXResourcesBuildPhase section */

/* Begin PBXSourcesBuildPhase section */
		3AE36B7C2386F3CB0041EB69 /* Sources */ = {
			isa = PBXSourcesBuildPhase;
			buildActionMask = 2147483647;
			files = (
				3AE36B882386F3CB0041EB69 /* MainViewController.swift in Sources */,
				3AE36B842386F3CB0041EB69 /* AppDelegate.swift in Sources */,
				3AE36B9B2386F5090041EB69 /* SobreViewController.swift in Sources */,
				3AE36B862386F3CB0041EB69 /* SceneDelegate.swift in Sources */,
			);
			runOnlyForDeploymentPostprocessing = 0;
		};
/* End PBXSourcesBuildPhase section */

/* Begin PBXVariantGroup section */
		3AE36B892386F3CB0041EB69 /* Main.storyboard */ = {
			isa = PBXVariantGroup;
			children = (
				3AE36B8A2386F3CB0041EB69 /* Base */,
			);
			name = Main.storyboard;
			sourceTree = "<group>";
		};
		3AE36B8E2386F3CC0041EB69 /* LaunchScreen.storyboard */ = {
			isa = PBXVariantGroup;
			children = (
				3AE36B8F2386F3CC0041EB69 /* Base */,
			);
			name = LaunchScreen.storyboard;
			sourceTree = "<group>";
		};
/* End PBXVariantGroup section */

/* Begin XCBuildConfiguration section */
		3AE36B922386F3CC0041EB69 /* Debug */ = {
			isa = XCBuildConfiguration;
			buildSettings = {
				ALWAYS_SEARCH_USER_PATHS = NO;
				CLANG_ANALYZER_NONNULL = YES;
				CLANG_ANALYZER_NUMBER_OBJECT_CONVERSION = YES_AGGRESSIVE;
				CLANG_CXX_LANGUAGE_STANDARD = "gnu++14";
				CLANG_CXX_LIBRARY = "libc++";
				CLANG_ENABLE_MODULES = YES;
				CLANG_ENABLE_OBJC_ARC = YES;
				CLANG_ENABLE_OBJC_WEAK = YES;
				CLANG_WARN_BLOCK_CAPTURE_AUTORELEASING = YES;
				CLANG_WARN_BOOL_CONVERSION = YES;
				CLANG_WARN_COMMA = YES;
				CLANG_WARN_CONSTANT_CONVERSION = YES;
				CLANG_WARN_DEPRECATED_OBJC_IMPLEMENTATIONS = YES;
				CLANG_WARN_DIRECT_OBJC_ISA_USAGE = YES_ERROR;
				CLANG_WARN_DOCUMENTATION_COMMENTS = YES;
				CLANG_WARN_EMPTY_BODY = YES;
				CLANG_WARN_ENUM_CONVERSION = YES;
				CLANG_WARN_INFINITE_RECURSION = YES;
				CLANG_WARN_INT_CONVERSION = YES;
				CLANG_WARN_NON_LITERAL_NULL_CONVERSION = YES;
				CLANG_WARN_OBJC_IMPLICIT_RETAIN_SELF = YES;
				CLANG_WARN_OBJC_LITERAL_CONVERSION = YES;
				CLANG_WARN_OBJC_ROOT_CLASS = YES_ERROR;
				CLANG_WARN_RANGE_LOOP_ANALYSIS = YES;
				CLANG_WARN_STRICT_PROTOTYPES = YES;
				CLANG_WARN_SUSPICIOUS_MOVE = YES;
				CLANG_WARN_UNGUARDED_AVAILABILITY = YES_AGGRESSIVE;
				CLANG_WARN_UNREACHABLE_CODE = YES;
				CLANG_WARN__DUPLICATE_METHOD_MATCH = YES;
				COPY_PHASE_STRIP = NO;
				DEBUG_INFORMATION_FORMAT = dwarf;
				ENABLE_STRICT_OBJC_MSGSEND = YES;
				ENABLE_TESTABILITY = YES;
				GCC_C_LANGUAGE_STANDARD = gnu11;
				GCC_DYNAMIC_NO_PIC = NO;
				GCC_NO_COMMON_BLOCKS = YES;
				GCC_OPTIMIZATION_LEVEL = 0;
				GCC_PREPROCESSOR_DEFINITIONS = (
					"DEBUG=1",
					"$(inherited)",
				);
				GCC_WARN_64_TO_32_BIT_CONVERSION = YES;
				GCC_WARN_ABOUT_RETURN_TYPE = YES_ERROR;
				GCC_WARN_UNDECLARED_SELECTOR = YES;
				GCC_WARN_UNINITIALIZED_AUTOS = YES_AGGRESSIVE;
				GCC_WARN_UNUSED_FUNCTION = YES;
				GCC_WARN_UNUSED_VARIABLE = YES;
				IPHONEOS_DEPLOYMENT_TARGET = 13.2;
				MTL_ENABLE_DEBUG_INFO = INCLUDE_SOURCE;
				MTL_FAST_MATH = YES;
				ONLY_ACTIVE_ARCH = YES;
				SDKROOT = iphoneos;
				SWIFT_ACTIVE_COMPILATION_CONDITIONS = DEBUG;
				SWIFT_OPTIMIZATION_LEVEL = "-Onone";
			};
			name = Debug;
		};
		3AE36B932386F3CC0041EB69 /* Release */ = {
			isa = XCBuildConfiguration;
			buildSettings = {
				ALWAYS_SEARCH_USER_PATHS = NO;
				CLANG_ANALYZER_NONNULL = YES;
				CLANG_ANALYZER_NUMBER_OBJECT_CONVERSION = YES_AGGRESSIVE;
				CLANG_CXX_LANGUAGE_STANDARD = "gnu++14";
				CLANG_CXX_LIBRARY = "libc++";
				CLANG_ENABLE_MODULES = YES;
				CLANG_ENABLE_OBJC_ARC = YES;
				CLANG_ENABLE_OBJC_WEAK = YES;
				CLANG_WARN_BLOCK_CAPTURE_AUTORELEASING = YES;
				CLANG_WARN_BOOL_CONVERSION = YES;
				CLANG_WARN_COMMA = YES;
				CLANG_WARN_CONSTANT_CONVERSION = YES;
				CLANG_WARN_DEPRECATED_OBJC_IMPLEMENTATIONS = YES;
				CLANG_WARN_DIRECT_OBJC_ISA_USAGE = YES_ERROR;
				CLANG_WARN_DOCUMENTATION_COMMENTS = YES;
				CLANG_WARN_EMPTY_BODY = YES;
				CLANG_WARN_ENUM_CONVERSION = YES;
				CLANG_WARN_INFINITE_RECURSION = YES;
				CLANG_WARN_INT_CONVERSION = YES;
				CLANG_WARN_NON_LITERAL_NULL_CONVERSION = YES;
				CLANG_WARN_OBJC_IMPLICIT_RETAIN_SELF = YES;
				CLANG_WARN_OBJC_LITERAL_CONVERSION = YES;
				CLANG_WARN_OBJC_ROOT_CLASS = YES_ERROR;
				CLANG_WARN_RANGE_LOOP_ANALYSIS = YES;
				CLANG_WARN_STRICT_PROTOTYPES = YES;
				CLANG_WARN_SUSPICIOUS_MOVE = YES;
				CLANG_WARN_UNGUARDED_AVAILABILITY = YES_AGGRESSIVE;
				CLANG_WARN_UNREACHABLE_CODE = YES;
				CLANG_WARN__DUPLICATE_METHOD_MATCH = YES;
				COPY_PHASE_STRIP = NO;
				DEBUG_INFORMATION_FORMAT = "dwarf-with-dsym";
				ENABLE_NS_ASSERTIONS = NO;
				ENABLE_STRICT_OBJC_MSGSEND = YES;
				GCC_C_LANGUAGE_STANDARD = gnu11;
				GCC_NO_COMMON_BLOCKS = YES;
				GCC_WARN_64_TO_32_BIT_CONVERSION = YES;
				GCC_WARN_ABOUT_RETURN_TYPE = YES_ERROR;
				GCC_WARN_UNDECLARED_SELECTOR = YES;
				GCC_WARN_UNINITIALIZED_AUTOS = YES_AGGRESSIVE;
				GCC_WARN_UNUSED_FUNCTION = YES;
				GCC_WARN_UNUSED_VARIABLE = YES;
				IPHONEOS_DEPLOYMENT_TARGET = 13.2;
				MTL_ENABLE_DEBUG_INFO = NO;
				MTL_FAST_MATH = YES;
				SDKROOT = iphoneos;
				SWIFT_COMPILATION_MODE = wholemodule;
				SWIFT_OPTIMIZATION_LEVEL = "-O";
				VALIDATE_PRODUCT = YES;
			};
			name = Release;
		};
		3AE36B952386F3CC0041EB69 /* Debug */ = {
			isa = XCBuildConfiguration;
			buildSettings = {
				ASSETCATALOG_COMPILER_APPICON_NAME = AppIcon;
				CODE_SIGN_STYLE = Automatic;
				INFOPLIST_FILE = "Tres formas/Info.plist";
				LD_RUNPATH_SEARCH_PATHS = (
					"$(inherited)",
					"@executable_path/Frameworks",
				);
				PRODUCT_BUNDLE_IDENTIFIER = "br.edu.ifpb.Tres-formas";
				PRODUCT_NAME = "$(TARGET_NAME)";
				SWIFT_VERSION = 5.0;
				TARGETED_DEVICE_FAMILY = "1,2";
			};
			name = Debug;
		};
		3AE36B962386F3CC0041EB69 /* Release */ = {
			isa = XCBuildConfiguration;
			buildSettings = {
				ASSETCATALOG_COMPILER_APPICON_NAME = AppIcon;
				CODE_SIGN_STYLE = Automatic;
				INFOPLIST_FILE = "Tres formas/Info.plist";
				LD_RUNPATH_SEARCH_PATHS = (
					"$(inherited)",
					"@executable_path/Frameworks",
				);
				PRODUCT_BUNDLE_IDENTIFIER = "br.edu.ifpb.Tres-formas";
				PRODUCT_NAME = "$(TARGET_NAME)";
				SWIFT_VERSION = 5.0;
				TARGETED_DEVICE_FAMILY = "1,2";
			};
			name = Release;
		};
/* End XCBuildConfiguration section */

/* Begin XCConfigurationList section */
		3AE36B7B2386F3CB0041EB69 /* Build configuration list for PBXProject "Tres formas" */ = {
			isa = XCConfigurationList;
			buildConfigurations = (
				3AE36B922386F3CC0041EB69 /* Debug */,
				3AE36B932386F3CC0041EB69 /* Release */,
			);
			defaultConfigurationIsVisible = 0;
			defaultConfigurationName = Release;
		};
		3AE36B942386F3CC0041EB69 /* Build configuration list for PBXNativeTarget "Tres formas" */ = {
			isa = XCConfigurationList;
			buildConfigurations = (
				3AE36B952386F3CC0041EB69 /* Debug */,
				3AE36B962386F3CC0041EB69 /* Release */,
			);
			defaultConfigurationIsVisible = 0;
			defaultConfigurationName = Release;
		};
/* End XCConfigurationList section */
	};
	rootObject = 3AE36B782386F3CB0041EB69 /* Project object */;
}
